// !$*UTF8*$!
{
	archiveVersion = 1;
	classes = {
	};
	objectVersion = 46;
	objects = {

/* Begin PBXBuildFile section */
		307091242250C496009D3520 /* main.m in Sources */ = {isa = PBXBuildFile; fileRef = 307091232250C496009D3520 /* main.m */; };
		307091272250C496009D3520 /* AppDelegate.m in Sources */ = {isa = PBXBuildFile; fileRef = 307091262250C496009D3520 /* AppDelegate.m */; };
		3070912A2250C496009D3520 /* ViewController.m in Sources */ = {isa = PBXBuildFile; fileRef = 307091292250C496009D3520 /* ViewController.m */; };
		3070912D2250C496009D3520 /* Main.storyboard in Resources */ = {isa = PBXBuildFile; fileRef = 3070912B2250C496009D3520 /* Main.storyboard */; };
		3070912F2250C496009D3520 /* Assets.xcassets in Resources */ = {isa = PBXBuildFile; fileRef = 3070912E2250C496009D3520 /* Assets.xcassets */; };
		307091322250C496009D3520 /* LaunchScreen.storyboard in Resources */ = {isa = PBXBuildFile; fileRef = 307091302250C496009D3520 /* LaunchScreen.storyboard */; };
		307091402250C622009D3520 /* KYBaseViewController.m in Sources */ = {isa = PBXBuildFile; fileRef = 3070913F2250C622009D3520 /* KYBaseViewController.m */; };
		30709143225239DB009D3520 /* KYNavigationController.m in Sources */ = {isa = PBXBuildFile; fileRef = 30709142225239DB009D3520 /* KYNavigationController.m */; };
		3070914622523A4D009D3520 /* KYTabBarController.m in Sources */ = {isa = PBXBuildFile; fileRef = 3070914522523A4D009D3520 /* KYTabBarController.m */; };
		3070914922523AA3009D3520 /* KYBaseView.m in Sources */ = {isa = PBXBuildFile; fileRef = 3070914822523AA3009D3520 /* KYBaseView.m */; };
		3070914C22523B12009D3520 /* KYBaseModel.m in Sources */ = {isa = PBXBuildFile; fileRef = 3070914B22523B12009D3520 /* KYBaseModel.m */; };
		3070914F22523B29009D3520 /* KYBaseViewModel.m in Sources */ = {isa = PBXBuildFile; fileRef = 3070914E22523B29009D3520 /* KYBaseViewModel.m */; };
		D48989349316A4C0D4B7B656 /* Pods_KYMVVM.framework in Frameworks */ = {isa = PBXBuildFile; fileRef = 91B799B61D5AF425A1ADE229 /* Pods_KYMVVM.framework */; };
		EA2E906D22D4735B007A81C7 /* KYLoginCollectionCellSectionModel.m in Sources */ = {isa = PBXBuildFile; fileRef = EA2E905F22D4735B007A81C7 /* KYLoginCollectionCellSectionModel.m */; };
		EA2E907122D4735B007A81C7 /* KYLoginColletctionViewController.m in Sources */ = {isa = PBXBuildFile; fileRef = EA2E906822D4735B007A81C7 /* KYLoginColletctionViewController.m */; };
		EA2E907222D4735B007A81C7 /* KYLoginCollectionViewModel.m in Sources */ = {isa = PBXBuildFile; fileRef = EA2E906B22D4735B007A81C7 /* KYLoginCollectionViewModel.m */; };
		EA2E907522D47686007A81C7 /* KYLeftTitleTextField.m in Sources */ = {isa = PBXBuildFile; fileRef = EA2E907422D47686007A81C7 /* KYLeftTitleTextField.m */; };
		EA2E907822D477E0007A81C7 /* KYPhoneVerifyTextField.m in Sources */ = {isa = PBXBuildFile; fileRef = EA2E907722D477E0007A81C7 /* KYPhoneVerifyTextField.m */; };
		EA2E907C22D479A5007A81C7 /* KYLoginAccountCell.m in Sources */ = {isa = PBXBuildFile; fileRef = EA2E907A22D479A5007A81C7 /* KYLoginAccountCell.m */; };
		EA2E907D22D479A5007A81C7 /* KYLoginAccountCell.xib in Resources */ = {isa = PBXBuildFile; fileRef = EA2E907B22D479A5007A81C7 /* KYLoginAccountCell.xib */; };
		EA2E908022D47A9D007A81C7 /* KYLoginItemModel.m in Sources */ = {isa = PBXBuildFile; fileRef = EA2E907F22D47A9D007A81C7 /* KYLoginItemModel.m */; };
		EA2E908422D4817D007A81C7 /* KYLoginVerifyCell.m in Sources */ = {isa = PBXBuildFile; fileRef = EA2E908222D4817D007A81C7 /* KYLoginVerifyCell.m */; };
		EA2E908522D4817D007A81C7 /* KYLoginVerifyCell.xib in Resources */ = {isa = PBXBuildFile; fileRef = EA2E908322D4817D007A81C7 /* KYLoginVerifyCell.xib */; };
		EA2E908922D485F6007A81C7 /* KYLoginSubmitCell.m in Sources */ = {isa = PBXBuildFile; fileRef = EA2E908722D485F6007A81C7 /* KYLoginSubmitCell.m */; };
		EA2E908A22D485F6007A81C7 /* KYLoginSubmitCell.xib in Resources */ = {isa = PBXBuildFile; fileRef = EA2E908822D485F6007A81C7 /* KYLoginSubmitCell.xib */; };
		EA2E908D22D595C0007A81C7 /* KYTableView.m in Sources */ = {isa = PBXBuildFile; fileRef = EA2E908C22D595C0007A81C7 /* KYTableView.m */; };
		EA2E909022D595FA007A81C7 /* KYCollectionView.m in Sources */ = {isa = PBXBuildFile; fileRef = EA2E908F22D595FA007A81C7 /* KYCollectionView.m */; };
		EA2E909322D5B3BA007A81C7 /* UIView+KYMVVM.m in Sources */ = {isa = PBXBuildFile; fileRef = EA2E909222D5B3BA007A81C7 /* UIView+KYMVVM.m */; };
		EA4AD6AA225EE39C002688E4 /* GameViewController.m in Sources */ = {isa = PBXBuildFile; fileRef = EA4AD6A8225EE39C002688E4 /* GameViewController.m */; };
		EA4AD6AE225EE452002688E4 /* GameViewModel.m in Sources */ = {isa = PBXBuildFile; fileRef = EA4AD6AD225EE452002688E4 /* GameViewModel.m */; };
		EA4AD6B2225EE48F002688E4 /* GameCell.m in Sources */ = {isa = PBXBuildFile; fileRef = EA4AD6B0225EE48F002688E4 /* GameCell.m */; };
		EA4AD6B3225EE48F002688E4 /* GameCell.xib in Resources */ = {isa = PBXBuildFile; fileRef = EA4AD6B1225EE48F002688E4 /* GameCell.xib */; };
		EA4AD6B6225EE4B5002688E4 /* GameItemModel.m in Sources */ = {isa = PBXBuildFile; fileRef = EA4AD6B5225EE4B5002688E4 /* GameItemModel.m */; };
		EA4AD6BA225EEB7B002688E4 /* CollectionView2Cell.m in Sources */ = {isa = PBXBuildFile; fileRef = EA4AD6B8225EEB7B002688E4 /* CollectionView2Cell.m */; };
		EA4AD6BB225EEB7B002688E4 /* CollectionView2Cell.xib in Resources */ = {isa = PBXBuildFile; fileRef = EA4AD6B9225EEB7B002688E4 /* CollectionView2Cell.xib */; };
		EA7D3454225858E3006917CE /* TableView1Cell.m in Sources */ = {isa = PBXBuildFile; fileRef = EA7D3452225858E3006917CE /* TableView1Cell.m */; };
		EA7D3455225858E3006917CE /* TableView1Cell.xib in Resources */ = {isa = PBXBuildFile; fileRef = EA7D3453225858E3006917CE /* TableView1Cell.xib */; };
		EA7D347A22587BB7006917CE /* TableCellItemModel1.m in Sources */ = {isa = PBXBuildFile; fileRef = EA7D347922587BB7006917CE /* TableCellItemModel1.m */; };
		EA7D347C22589ED2006917CE /* TableViewController.xib in Resources */ = {isa = PBXBuildFile; fileRef = EA7D347B22589ED2006917CE /* TableViewController.xib */; };
		EA89E5C4225D993000560323 /* CollectionViewController.m in Sources */ = {isa = PBXBuildFile; fileRef = EA89E5C2225D993000560323 /* CollectionViewController.m */; };
		EA89E5C5225D993000560323 /* CollectionViewController.xib in Resources */ = {isa = PBXBuildFile; fileRef = EA89E5C3225D993000560323 /* CollectionViewController.xib */; };
		EA89E5C8225D997D00560323 /* CollectionViewModel.m in Sources */ = {isa = PBXBuildFile; fileRef = EA89E5C7225D997D00560323 /* CollectionViewModel.m */; };
		EA89E5CE225D99D500560323 /* CollectionCellItemModel.m in Sources */ = {isa = PBXBuildFile; fileRef = EA89E5CD225D99D500560323 /* CollectionCellItemModel.m */; };
		EA89E5D2225D99F400560323 /* CollectionViewCell.m in Sources */ = {isa = PBXBuildFile; fileRef = EA89E5D0225D99F400560323 /* CollectionViewCell.m */; };
		EA89E5D3225D99F400560323 /* CollectionViewCell.xib in Resources */ = {isa = PBXBuildFile; fileRef = EA89E5D1225D99F400560323 /* CollectionViewCell.xib */; };
		EA8DC022225DD2C4009E0046 /* CollectionView1Cell.m in Sources */ = {isa = PBXBuildFile; fileRef = EA8DC020225DD2C4009E0046 /* CollectionView1Cell.m */; };
		EA8DC023225DD2C4009E0046 /* CollectionView1Cell.xib in Resources */ = {isa = PBXBuildFile; fileRef = EA8DC021225DD2C4009E0046 /* CollectionView1Cell.xib */; };
		EA8DC026225DD509009E0046 /* CollectionCellItemModel1.m in Sources */ = {isa = PBXBuildFile; fileRef = EA8DC025225DD509009E0046 /* CollectionCellItemModel1.m */; };
		EAA1933922571E9600E001B3 /* KYBaseTableCell.m in Sources */ = {isa = PBXBuildFile; fileRef = EAA1933822571E9600E001B3 /* KYBaseTableCell.m */; };
		EAA1933C22571EB700E001B3 /* KYBaseCollectionCell.m in Sources */ = {isa = PBXBuildFile; fileRef = EAA1933B22571EB700E001B3 /* KYBaseCollectionCell.m */; };
		EAA1933F22571EDF00E001B3 /* KYTableViewController.m in Sources */ = {isa = PBXBuildFile; fileRef = EAA1933E22571EDF00E001B3 /* KYTableViewController.m */; };
		EAA1934222571EF700E001B3 /* KYCollectionViewController.m in Sources */ = {isa = PBXBuildFile; fileRef = EAA1934122571EF700E001B3 /* KYCollectionViewController.m */; };
		EAA193492257436E00E001B3 /* KYBaseCellItemModel.m in Sources */ = {isa = PBXBuildFile; fileRef = EAA193452257436D00E001B3 /* KYBaseCellItemModel.m */; };
		EAA1934A2257436E00E001B3 /* KYTableViewModel.m in Sources */ = {isa = PBXBuildFile; fileRef = EAA193462257436D00E001B3 /* KYTableViewModel.m */; };
		EAA1934B2257436E00E001B3 /* KYBaseCellSectionModel.m in Sources */ = {isa = PBXBuildFile; fileRef = EAA193472257436D00E001B3 /* KYBaseCellSectionModel.m */; };
		EAA193502257453600E001B3 /* TableViewController.m in Sources */ = {isa = PBXBuildFile; fileRef = EAA1934F2257453600E001B3 /* TableViewController.m */; };
		EAA193532257455D00E001B3 /* TableCellItemModel.m in Sources */ = {isa = PBXBuildFile; fileRef = EAA193522257455D00E001B3 /* TableCellItemModel.m */; };
		EAA193562257457600E001B3 /* TableViewModel.m in Sources */ = {isa = PBXBuildFile; fileRef = EAA193552257457600E001B3 /* TableViewModel.m */; };
		EAA1935D225746A900E001B3 /* TableViewCell.m in Sources */ = {isa = PBXBuildFile; fileRef = EAA1935B225746A900E001B3 /* TableViewCell.m */; };
		EAA1935E225746A900E001B3 /* TableViewCell.xib in Resources */ = {isa = PBXBuildFile; fileRef = EAA1935C225746A900E001B3 /* TableViewCell.xib */; };
/* End PBXBuildFile section */

/* Begin PBXFileReference section */
		3070911F2250C496009D3520 /* KYMVVM.app */ = {isa = PBXFileReference; explicitFileType = wrapper.application; includeInIndex = 0; path = KYMVVM.app; sourceTree = BUILT_PRODUCTS_DIR; };
		307091232250C496009D3520 /* main.m */ = {isa = PBXFileReference; lastKnownFileType = sourcecode.c.objc; path = main.m; sourceTree = "<group>"; };
		307091252250C496009D3520 /* AppDelegate.h */ = {isa = PBXFileReference; lastKnownFileType = sourcecode.c.h; path = AppDelegate.h; sourceTree = "<group>"; };
		307091262250C496009D3520 /* AppDelegate.m */ = {isa = PBXFileReference; lastKnownFileType = sourcecode.c.objc; path = AppDelegate.m; sourceTree = "<group>"; };
		307091282250C496009D3520 /* ViewController.h */ = {isa = PBXFileReference; lastKnownFileType = sourcecode.c.h; path = ViewController.h; sourceTree = "<group>"; };
		307091292250C496009D3520 /* ViewController.m */ = {isa = PBXFileReference; lastKnownFileType = sourcecode.c.objc; path = ViewController.m; sourceTree = "<group>"; };
		3070912C2250C496009D3520 /* Base */ = {isa = PBXFileReference; lastKnownFileType = file.storyboard; name = Base; path = Base.lproj/Main.storyboard; sourceTree = "<group>"; };
		3070912E2250C496009D3520 /* Assets.xcassets */ = {isa = PBXFileReference; lastKnownFileType = folder.assetcatalog; path = Assets.xcassets; sourceTree = "<group>"; };
		307091312250C496009D3520 /* Base */ = {isa = PBXFileReference; lastKnownFileType = file.storyboard; name = Base; path = Base.lproj/LaunchScreen.storyboard; sourceTree = "<group>"; };
		307091332250C496009D3520 /* Info.plist */ = {isa = PBXFileReference; lastKnownFileType = text.plist.xml; path = Info.plist; sourceTree = "<group>"; };
		3070913E2250C622009D3520 /* KYBaseViewController.h */ = {isa = PBXFileReference; fileEncoding = 4; lastKnownFileType = sourcecode.c.h; path = KYBaseViewController.h; sourceTree = "<group>"; };
		3070913F2250C622009D3520 /* KYBaseViewController.m */ = {isa = PBXFileReference; fileEncoding = 4; lastKnownFileType = sourcecode.c.objc; path = KYBaseViewController.m; sourceTree = "<group>"; };
		30709141225239DB009D3520 /* KYNavigationController.h */ = {isa = PBXFileReference; fileEncoding = 4; lastKnownFileType = sourcecode.c.h; path = KYNavigationController.h; sourceTree = "<group>"; };
		30709142225239DB009D3520 /* KYNavigationController.m */ = {isa = PBXFileReference; fileEncoding = 4; lastKnownFileType = sourcecode.c.objc; path = KYNavigationController.m; sourceTree = "<group>"; };
		3070914422523A4D009D3520 /* KYTabBarController.h */ = {isa = PBXFileReference; fileEncoding = 4; lastKnownFileType = sourcecode.c.h; path = KYTabBarController.h; sourceTree = "<group>"; };
		3070914522523A4D009D3520 /* KYTabBarController.m */ = {isa = PBXFileReference; fileEncoding = 4; lastKnownFileType = sourcecode.c.objc; path = KYTabBarController.m; sourceTree = "<group>"; };
		3070914722523AA3009D3520 /* KYBaseView.h */ = {isa = PBXFileReference; fileEncoding = 4; lastKnownFileType = sourcecode.c.h; path = KYBaseView.h; sourceTree = "<group>"; };
		3070914822523AA3009D3520 /* KYBaseView.m */ = {isa = PBXFileReference; fileEncoding = 4; lastKnownFileType = sourcecode.c.objc; path = KYBaseView.m; sourceTree = "<group>"; };
		3070914A22523B12009D3520 /* KYBaseModel.h */ = {isa = PBXFileReference; fileEncoding = 4; lastKnownFileType = sourcecode.c.h; path = KYBaseModel.h; sourceTree = "<group>"; };
		3070914B22523B12009D3520 /* KYBaseModel.m */ = {isa = PBXFileReference; fileEncoding = 4; lastKnownFileType = sourcecode.c.objc; path = KYBaseModel.m; sourceTree = "<group>"; };
		3070914D22523B29009D3520 /* KYBaseViewModel.h */ = {isa = PBXFileReference; fileEncoding = 4; lastKnownFileType = sourcecode.c.h; path = KYBaseViewModel.h; sourceTree = "<group>"; };
		3070914E22523B29009D3520 /* KYBaseViewModel.m */ = {isa = PBXFileReference; fileEncoding = 4; lastKnownFileType = sourcecode.c.objc; path = KYBaseViewModel.m; sourceTree = "<group>"; };
		4E06B6C54B59B9FA0F51D11F /* Pods-KYMVVM.debug.xcconfig */ = {isa = PBXFileReference; includeInIndex = 1; lastKnownFileType = text.xcconfig; name = "Pods-KYMVVM.debug.xcconfig"; path = "Target Support Files/Pods-KYMVVM/Pods-KYMVVM.debug.xcconfig"; sourceTree = "<group>"; };
		91B799B61D5AF425A1ADE229 /* Pods_KYMVVM.framework */ = {isa = PBXFileReference; explicitFileType = wrapper.framework; includeInIndex = 0; path = Pods_KYMVVM.framework; sourceTree = BUILT_PRODUCTS_DIR; };
		979FDF9121395D5EE9EB3AC3 /* Pods-KYMVVM.release.xcconfig */ = {isa = PBXFileReference; includeInIndex = 1; lastKnownFileType = text.xcconfig; name = "Pods-KYMVVM.release.xcconfig"; path = "Target Support Files/Pods-KYMVVM/Pods-KYMVVM.release.xcconfig"; sourceTree = "<group>"; };
		EA2E905F22D4735B007A81C7 /* KYLoginCollectionCellSectionModel.m */ = {isa = PBXFileReference; fileEncoding = 4; lastKnownFileType = sourcecode.c.objc; path = KYLoginCollectionCellSectionModel.m; sourceTree = "<group>"; };
		EA2E906222D4735B007A81C7 /* KYLoginCollectionCellSectionModel.h */ = {isa = PBXFileReference; fileEncoding = 4; lastKnownFileType = sourcecode.c.h; path = KYLoginCollectionCellSectionModel.h; sourceTree = "<group>"; };
		EA2E906822D4735B007A81C7 /* KYLoginColletctionViewController.m */ = {isa = PBXFileReference; fileEncoding = 4; lastKnownFileType = sourcecode.c.objc; path = KYLoginColletctionViewController.m; sourceTree = "<group>"; };
		EA2E906922D4735B007A81C7 /* KYLoginColletctionViewController.h */ = {isa = PBXFileReference; fileEncoding = 4; lastKnownFileType = sourcecode.c.h; path = KYLoginColletctionViewController.h; sourceTree = "<group>"; };
		EA2E906B22D4735B007A81C7 /* KYLoginCollectionViewModel.m */ = {isa = PBXFileReference; fileEncoding = 4; lastKnownFileType = sourcecode.c.objc; path = KYLoginCollectionViewModel.m; sourceTree = "<group>"; };
		EA2E906C22D4735B007A81C7 /* KYLoginCollectionViewModel.h */ = {isa = PBXFileReference; fileEncoding = 4; lastKnownFileType = sourcecode.c.h; path = KYLoginCollectionViewModel.h; sourceTree = "<group>"; };
		EA2E907322D47686007A81C7 /* KYLeftTitleTextField.h */ = {isa = PBXFileReference; lastKnownFileType = sourcecode.c.h; path = KYLeftTitleTextField.h; sourceTree = "<group>"; };
		EA2E907422D47686007A81C7 /* KYLeftTitleTextField.m */ = {isa = PBXFileReference; lastKnownFileType = sourcecode.c.objc; path = KYLeftTitleTextField.m; sourceTree = "<group>"; };
		EA2E907622D477E0007A81C7 /* KYPhoneVerifyTextField.h */ = {isa = PBXFileReference; lastKnownFileType = sourcecode.c.h; path = KYPhoneVerifyTextField.h; sourceTree = "<group>"; };
		EA2E907722D477E0007A81C7 /* KYPhoneVerifyTextField.m */ = {isa = PBXFileReference; lastKnownFileType = sourcecode.c.objc; path = KYPhoneVerifyTextField.m; sourceTree = "<group>"; };
		EA2E907922D479A5007A81C7 /* KYLoginAccountCell.h */ = {isa = PBXFileReference; lastKnownFileType = sourcecode.c.h; path = KYLoginAccountCell.h; sourceTree = "<group>"; };
		EA2E907A22D479A5007A81C7 /* KYLoginAccountCell.m */ = {isa = PBXFileReference; lastKnownFileType = sourcecode.c.objc; path = KYLoginAccountCell.m; sourceTree = "<group>"; };
		EA2E907B22D479A5007A81C7 /* KYLoginAccountCell.xib */ = {isa = PBXFileReference; lastKnownFileType = file.xib; path = KYLoginAccountCell.xib; sourceTree = "<group>"; };
		EA2E907E22D47A9D007A81C7 /* KYLoginItemModel.h */ = {isa = PBXFileReference; lastKnownFileType = sourcecode.c.h; path = KYLoginItemModel.h; sourceTree = "<group>"; };
		EA2E907F22D47A9D007A81C7 /* KYLoginItemModel.m */ = {isa = PBXFileReference; lastKnownFileType = sourcecode.c.objc; path = KYLoginItemModel.m; sourceTree = "<group>"; };
		EA2E908122D4817D007A81C7 /* KYLoginVerifyCell.h */ = {isa = PBXFileReference; lastKnownFileType = sourcecode.c.h; path = KYLoginVerifyCell.h; sourceTree = "<group>"; };
		EA2E908222D4817D007A81C7 /* KYLoginVerifyCell.m */ = {isa = PBXFileReference; lastKnownFileType = sourcecode.c.objc; path = KYLoginVerifyCell.m; sourceTree = "<group>"; };
		EA2E908322D4817D007A81C7 /* KYLoginVerifyCell.xib */ = {isa = PBXFileReference; lastKnownFileType = file.xib; path = KYLoginVerifyCell.xib; sourceTree = "<group>"; };
		EA2E908622D485F6007A81C7 /* KYLoginSubmitCell.h */ = {isa = PBXFileReference; lastKnownFileType = sourcecode.c.h; path = KYLoginSubmitCell.h; sourceTree = "<group>"; };
		EA2E908722D485F6007A81C7 /* KYLoginSubmitCell.m */ = {isa = PBXFileReference; lastKnownFileType = sourcecode.c.objc; path = KYLoginSubmitCell.m; sourceTree = "<group>"; };
		EA2E908822D485F6007A81C7 /* KYLoginSubmitCell.xib */ = {isa = PBXFileReference; lastKnownFileType = file.xib; path = KYLoginSubmitCell.xib; sourceTree = "<group>"; };
		EA2E908B22D595C0007A81C7 /* KYTableView.h */ = {isa = PBXFileReference; lastKnownFileType = sourcecode.c.h; path = KYTableView.h; sourceTree = "<group>"; };
		EA2E908C22D595C0007A81C7 /* KYTableView.m */ = {isa = PBXFileReference; lastKnownFileType = sourcecode.c.objc; path = KYTableView.m; sourceTree = "<group>"; };
		EA2E908E22D595FA007A81C7 /* KYCollectionView.h */ = {isa = PBXFileReference; lastKnownFileType = sourcecode.c.h; path = KYCollectionView.h; sourceTree = "<group>"; };
		EA2E908F22D595FA007A81C7 /* KYCollectionView.m */ = {isa = PBXFileReference; lastKnownFileType = sourcecode.c.objc; path = KYCollectionView.m; sourceTree = "<group>"; };
		EA2E909122D5B3BA007A81C7 /* UIView+KYMVVM.h */ = {isa = PBXFileReference; lastKnownFileType = sourcecode.c.h; path = "UIView+KYMVVM.h"; sourceTree = "<group>"; };
		EA2E909222D5B3BA007A81C7 /* UIView+KYMVVM.m */ = {isa = PBXFileReference; lastKnownFileType = sourcecode.c.objc; path = "UIView+KYMVVM.m"; sourceTree = "<group>"; };
		EA4AD6A7225EE39C002688E4 /* GameViewController.h */ = {isa = PBXFileReference; lastKnownFileType = sourcecode.c.h; path = GameViewController.h; sourceTree = "<group>"; };
		EA4AD6A8225EE39C002688E4 /* GameViewController.m */ = {isa = PBXFileReference; lastKnownFileType = sourcecode.c.objc; path = GameViewController.m; sourceTree = "<group>"; };
		EA4AD6AC225EE452002688E4 /* GameViewModel.h */ = {isa = PBXFileReference; lastKnownFileType = sourcecode.c.h; path = GameViewModel.h; sourceTree = "<group>"; };
		EA4AD6AD225EE452002688E4 /* GameViewModel.m */ = {isa = PBXFileReference; lastKnownFileType = sourcecode.c.objc; path = GameViewModel.m; sourceTree = "<group>"; };
		EA4AD6AF225EE48F002688E4 /* GameCell.h */ = {isa = PBXFileReference; lastKnownFileType = sourcecode.c.h; path = GameCell.h; sourceTree = "<group>"; };
		EA4AD6B0225EE48F002688E4 /* GameCell.m */ = {isa = PBXFileReference; lastKnownFileType = sourcecode.c.objc; path = GameCell.m; sourceTree = "<group>"; };
		EA4AD6B1225EE48F002688E4 /* GameCell.xib */ = {isa = PBXFileReference; lastKnownFileType = file.xib; path = GameCell.xib; sourceTree = "<group>"; };
		EA4AD6B4225EE4B5002688E4 /* GameItemModel.h */ = {isa = PBXFileReference; lastKnownFileType = sourcecode.c.h; path = GameItemModel.h; sourceTree = "<group>"; };
		EA4AD6B5225EE4B5002688E4 /* GameItemModel.m */ = {isa = PBXFileReference; lastKnownFileType = sourcecode.c.objc; path = GameItemModel.m; sourceTree = "<group>"; };
		EA4AD6B7225EEB7B002688E4 /* CollectionView2Cell.h */ = {isa = PBXFileReference; lastKnownFileType = sourcecode.c.h; path = CollectionView2Cell.h; sourceTree = "<group>"; };
		EA4AD6B8225EEB7B002688E4 /* CollectionView2Cell.m */ = {isa = PBXFileReference; lastKnownFileType = sourcecode.c.objc; path = CollectionView2Cell.m; sourceTree = "<group>"; };
		EA4AD6B9225EEB7B002688E4 /* CollectionView2Cell.xib */ = {isa = PBXFileReference; lastKnownFileType = file.xib; path = CollectionView2Cell.xib; sourceTree = "<group>"; };
		EA7D3451225858E3006917CE /* TableView1Cell.h */ = {isa = PBXFileReference; lastKnownFileType = sourcecode.c.h; path = TableView1Cell.h; sourceTree = "<group>"; };
		EA7D3452225858E3006917CE /* TableView1Cell.m */ = {isa = PBXFileReference; lastKnownFileType = sourcecode.c.objc; path = TableView1Cell.m; sourceTree = "<group>"; };
		EA7D3453225858E3006917CE /* TableView1Cell.xib */ = {isa = PBXFileReference; lastKnownFileType = file.xib; path = TableView1Cell.xib; sourceTree = "<group>"; };
		EA7D347822587BB7006917CE /* TableCellItemModel1.h */ = {isa = PBXFileReference; lastKnownFileType = sourcecode.c.h; path = TableCellItemModel1.h; sourceTree = "<group>"; };
		EA7D347922587BB7006917CE /* TableCellItemModel1.m */ = {isa = PBXFileReference; lastKnownFileType = sourcecode.c.objc; path = TableCellItemModel1.m; sourceTree = "<group>"; };
		EA7D347B22589ED2006917CE /* TableViewController.xib */ = {isa = PBXFileReference; lastKnownFileType = file.xib; path = TableViewController.xib; sourceTree = "<group>"; };
		EA89E5C1225D993000560323 /* CollectionViewController.h */ = {isa = PBXFileReference; lastKnownFileType = sourcecode.c.h; path = CollectionViewController.h; sourceTree = "<group>"; };
		EA89E5C2225D993000560323 /* CollectionViewController.m */ = {isa = PBXFileReference; lastKnownFileType = sourcecode.c.objc; path = CollectionViewController.m; sourceTree = "<group>"; };
		EA89E5C3225D993000560323 /* CollectionViewController.xib */ = {isa = PBXFileReference; lastKnownFileType = file.xib; path = CollectionViewController.xib; sourceTree = "<group>"; };
		EA89E5C6225D997D00560323 /* CollectionViewModel.h */ = {isa = PBXFileReference; lastKnownFileType = sourcecode.c.h; path = CollectionViewModel.h; sourceTree = "<group>"; };
		EA89E5C7225D997D00560323 /* CollectionViewModel.m */ = {isa = PBXFileReference; lastKnownFileType = sourcecode.c.objc; path = CollectionViewModel.m; sourceTree = "<group>"; };
		EA89E5CC225D99D500560323 /* CollectionCellItemModel.h */ = {isa = PBXFileReference; lastKnownFileType = sourcecode.c.h; path = CollectionCellItemModel.h; sourceTree = "<group>"; };
		EA89E5CD225D99D500560323 /* CollectionCellItemModel.m */ = {isa = PBXFileReference; lastKnownFileType = sourcecode.c.objc; path = CollectionCellItemModel.m; sourceTree = "<group>"; };
		EA89E5CF225D99F400560323 /* CollectionViewCell.h */ = {isa = PBXFileReference; lastKnownFileType = sourcecode.c.h; path = CollectionViewCell.h; sourceTree = "<group>"; };
		EA89E5D0225D99F400560323 /* CollectionViewCell.m */ = {isa = PBXFileReference; lastKnownFileType = sourcecode.c.objc; path = CollectionViewCell.m; sourceTree = "<group>"; };
		EA89E5D1225D99F400560323 /* CollectionViewCell.xib */ = {isa = PBXFileReference; lastKnownFileType = file.xib; path = CollectionViewCell.xib; sourceTree = "<group>"; };
		EA8DC01F225DD2C4009E0046 /* CollectionView1Cell.h */ = {isa = PBXFileReference; lastKnownFileType = sourcecode.c.h; path = CollectionView1Cell.h; sourceTree = "<group>"; };
		EA8DC020225DD2C4009E0046 /* CollectionView1Cell.m */ = {isa = PBXFileReference; lastKnownFileType = sourcecode.c.objc; path = CollectionView1Cell.m; sourceTree = "<group>"; };
		EA8DC021225DD2C4009E0046 /* CollectionView1Cell.xib */ = {isa = PBXFileReference; lastKnownFileType = file.xib; path = CollectionView1Cell.xib; sourceTree = "<group>"; };
		EA8DC024225DD509009E0046 /* CollectionCellItemModel1.h */ = {isa = PBXFileReference; lastKnownFileType = sourcecode.c.h; path = CollectionCellItemModel1.h; sourceTree = "<group>"; };
		EA8DC025225DD509009E0046 /* CollectionCellItemModel1.m */ = {isa = PBXFileReference; lastKnownFileType = sourcecode.c.objc; path = CollectionCellItemModel1.m; sourceTree = "<group>"; };
		EAA1933722571E9600E001B3 /* KYBaseTableCell.h */ = {isa = PBXFileReference; lastKnownFileType = sourcecode.c.h; path = KYBaseTableCell.h; sourceTree = "<group>"; };
		EAA1933822571E9600E001B3 /* KYBaseTableCell.m */ = {isa = PBXFileReference; lastKnownFileType = sourcecode.c.objc; path = KYBaseTableCell.m; sourceTree = "<group>"; };
		EAA1933A22571EB700E001B3 /* KYBaseCollectionCell.h */ = {isa = PBXFileReference; lastKnownFileType = sourcecode.c.h; path = KYBaseCollectionCell.h; sourceTree = "<group>"; };
		EAA1933B22571EB700E001B3 /* KYBaseCollectionCell.m */ = {isa = PBXFileReference; lastKnownFileType = sourcecode.c.objc; path = KYBaseCollectionCell.m; sourceTree = "<group>"; };
		EAA1933D22571EDF00E001B3 /* KYTableViewController.h */ = {isa = PBXFileReference; lastKnownFileType = sourcecode.c.h; path = KYTableViewController.h; sourceTree = "<group>"; };
		EAA1933E22571EDF00E001B3 /* KYTableViewController.m */ = {isa = PBXFileReference; lastKnownFileType = sourcecode.c.objc; path = KYTableViewController.m; sourceTree = "<group>"; };
		EAA1934022571EF700E001B3 /* KYCollectionViewController.h */ = {isa = PBXFileReference; lastKnownFileType = sourcecode.c.h; path = KYCollectionViewController.h; sourceTree = "<group>"; };
		EAA1934122571EF700E001B3 /* KYCollectionViewController.m */ = {isa = PBXFileReference; lastKnownFileType = sourcecode.c.objc; path = KYCollectionViewController.m; sourceTree = "<group>"; };
		EAA193432257436B00E001B3 /* KYBaseCellSectionModel.h */ = {isa = PBXFileReference; fileEncoding = 4; lastKnownFileType = sourcecode.c.h; path = KYBaseCellSectionModel.h; sourceTree = "<group>"; };
		EAA193442257436C00E001B3 /* KYTableViewModel.h */ = {isa = PBXFileReference; fileEncoding = 4; lastKnownFileType = sourcecode.c.h; path = KYTableViewModel.h; sourceTree = "<group>"; };
		EAA193452257436D00E001B3 /* KYBaseCellItemModel.m */ = {isa = PBXFileReference; fileEncoding = 4; lastKnownFileType = sourcecode.c.objc; path = KYBaseCellItemModel.m; sourceTree = "<group>"; };
		EAA193462257436D00E001B3 /* KYTableViewModel.m */ = {isa = PBXFileReference; fileEncoding = 4; lastKnownFileType = sourcecode.c.objc; path = KYTableViewModel.m; sourceTree = "<group>"; };
		EAA193472257436D00E001B3 /* KYBaseCellSectionModel.m */ = {isa = PBXFileReference; fileEncoding = 4; lastKnownFileType = sourcecode.c.objc; path = KYBaseCellSectionModel.m; sourceTree = "<group>"; };
		EAA193482257436E00E001B3 /* KYBaseCellItemModel.h */ = {isa = PBXFileReference; fileEncoding = 4; lastKnownFileType = sourcecode.c.h; path = KYBaseCellItemModel.h; sourceTree = "<group>"; };
		EAA1934E2257453600E001B3 /* TableViewController.h */ = {isa = PBXFileReference; lastKnownFileType = sourcecode.c.h; path = TableViewController.h; sourceTree = "<group>"; };
		EAA1934F2257453600E001B3 /* TableViewController.m */ = {isa = PBXFileReference; lastKnownFileType = sourcecode.c.objc; path = TableViewController.m; sourceTree = "<group>"; };
		EAA193512257455D00E001B3 /* TableCellItemModel.h */ = {isa = PBXFileReference; lastKnownFileType = sourcecode.c.h; path = TableCellItemModel.h; sourceTree = "<group>"; };
		EAA193522257455D00E001B3 /* TableCellItemModel.m */ = {isa = PBXFileReference; lastKnownFileType = sourcecode.c.objc; path = TableCellItemModel.m; sourceTree = "<group>"; };
		EAA193542257457600E001B3 /* TableViewModel.h */ = {isa = PBXFileReference; lastKnownFileType = sourcecode.c.h; path = TableViewModel.h; sourceTree = "<group>"; };
		EAA193552257457600E001B3 /* TableViewModel.m */ = {isa = PBXFileReference; lastKnownFileType = sourcecode.c.objc; path = TableViewModel.m; sourceTree = "<group>"; };
		EAA1935A225746A900E001B3 /* TableViewCell.h */ = {isa = PBXFileReference; lastKnownFileType = sourcecode.c.h; path = TableViewCell.h; sourceTree = "<group>"; };
		EAA1935B225746A900E001B3 /* TableViewCell.m */ = {isa = PBXFileReference; lastKnownFileType = sourcecode.c.objc; path = TableViewCell.m; sourceTree = "<group>"; };
		EAA1935C225746A900E001B3 /* TableViewCell.xib */ = {isa = PBXFileReference; lastKnownFileType = file.xib; path = TableViewCell.xib; sourceTree = "<group>"; };
		EAD801D222601BD0004E36C0 /* KYTableViewCellProtocol.h */ = {isa = PBXFileReference; lastKnownFileType = sourcecode.c.h; path = KYTableViewCellProtocol.h; sourceTree = "<group>"; };
/* End PBXFileReference section */

/* Begin PBXFrameworksBuildPhase section */
		3070911C2250C496009D3520 /* Frameworks */ = {
			isa = PBXFrameworksBuildPhase;
			buildActionMask = 2147483647;
			files = (
				D48989349316A4C0D4B7B656 /* Pods_KYMVVM.framework in Frameworks */,
			);
			runOnlyForDeploymentPostprocessing = 0;
		};
/* End PBXFrameworksBuildPhase section */

/* Begin PBXGroup section */
		0300206441DB230F528A0ECC /* Frameworks */ = {
			isa = PBXGroup;
			children = (
				91B799B61D5AF425A1ADE229 /* Pods_KYMVVM.framework */,
			);
			name = Frameworks;
			sourceTree = "<group>";
		};
		307091162250C496009D3520 = {
			isa = PBXGroup;
			children = (
				307091212250C496009D3520 /* KYMVVM */,
				307091202250C496009D3520 /* Products */,
				E3FAADC8118200A2E9083376 /* Pods */,
				0300206441DB230F528A0ECC /* Frameworks */,
			);
			sourceTree = "<group>";
		};
		307091202250C496009D3520 /* Products */ = {
			isa = PBXGroup;
			children = (
				3070911F2250C496009D3520 /* KYMVVM.app */,
			);
			name = Products;
			sourceTree = "<group>";
		};
		307091212250C496009D3520 /* KYMVVM */ = {
			isa = PBXGroup;
			children = (
				3070913D2250C622009D3520 /* Classes */,
				307091252250C496009D3520 /* AppDelegate.h */,
				307091262250C496009D3520 /* AppDelegate.m */,
				307091282250C496009D3520 /* ViewController.h */,
				307091292250C496009D3520 /* ViewController.m */,
				3070912B2250C496009D3520 /* Main.storyboard */,
				3070912E2250C496009D3520 /* Assets.xcassets */,
				307091302250C496009D3520 /* LaunchScreen.storyboard */,
				307091332250C496009D3520 /* Info.plist */,
				EAA1934C2257450000E001B3 /* Test */,
				307091222250C496009D3520 /* Supporting Files */,
			);
			path = KYMVVM;
			sourceTree = "<group>";
		};
		307091222250C496009D3520 /* Supporting Files */ = {
			isa = PBXGroup;
			children = (
				307091232250C496009D3520 /* main.m */,
			);
			name = "Supporting Files";
			sourceTree = "<group>";
		};
		3070913D2250C622009D3520 /* Classes */ = {
			isa = PBXGroup;
			children = (
				EAA193482257436E00E001B3 /* KYBaseCellItemModel.h */,
				EAA193452257436D00E001B3 /* KYBaseCellItemModel.m */,
				EAA193432257436B00E001B3 /* KYBaseCellSectionModel.h */,
				EAA193472257436D00E001B3 /* KYBaseCellSectionModel.m */,
				EAA193442257436C00E001B3 /* KYTableViewModel.h */,
				EAA193462257436D00E001B3 /* KYTableViewModel.m */,
				3070913E2250C622009D3520 /* KYBaseViewController.h */,
				3070913F2250C622009D3520 /* KYBaseViewController.m */,
				30709141225239DB009D3520 /* KYNavigationController.h */,
				30709142225239DB009D3520 /* KYNavigationController.m */,
				3070914422523A4D009D3520 /* KYTabBarController.h */,
				3070914522523A4D009D3520 /* KYTabBarController.m */,
				3070914722523AA3009D3520 /* KYBaseView.h */,
				3070914822523AA3009D3520 /* KYBaseView.m */,
				EA2E908B22D595C0007A81C7 /* KYTableView.h */,
				EA2E908C22D595C0007A81C7 /* KYTableView.m */,
				EA2E908E22D595FA007A81C7 /* KYCollectionView.h */,
				EA2E908F22D595FA007A81C7 /* KYCollectionView.m */,
				3070914A22523B12009D3520 /* KYBaseModel.h */,
				3070914B22523B12009D3520 /* KYBaseModel.m */,
				3070914D22523B29009D3520 /* KYBaseViewModel.h */,
				3070914E22523B29009D3520 /* KYBaseViewModel.m */,
				EAA1933722571E9600E001B3 /* KYBaseTableCell.h */,
				EAA1933822571E9600E001B3 /* KYBaseTableCell.m */,
				EAA1933A22571EB700E001B3 /* KYBaseCollectionCell.h */,
				EAA1933B22571EB700E001B3 /* KYBaseCollectionCell.m */,
				EAA1933D22571EDF00E001B3 /* KYTableViewController.h */,
				EAA1933E22571EDF00E001B3 /* KYTableViewController.m */,
				EAA1934022571EF700E001B3 /* KYCollectionViewController.h */,
				EAA1934122571EF700E001B3 /* KYCollectionViewController.m */,
				EAD801D222601BD0004E36C0 /* KYTableViewCellProtocol.h */,
				EA2E909122D5B3BA007A81C7 /* UIView+KYMVVM.h */,
				EA2E909222D5B3BA007A81C7 /* UIView+KYMVVM.m */,
			);
			path = Classes;
			sourceTree = "<group>";
		};
		E3FAADC8118200A2E9083376 /* Pods */ = {
			isa = PBXGroup;
			children = (
				4E06B6C54B59B9FA0F51D11F /* Pods-KYMVVM.debug.xcconfig */,
				979FDF9121395D5EE9EB3AC3 /* Pods-KYMVVM.release.xcconfig */,
			);
			path = Pods;
			sourceTree = "<group>";
		};
		EA2E905D22D472E2007A81C7 /* login */ = {
			isa = PBXGroup;
			children = (
				EA2E906722D4735B007A81C7 /* Controller */,
				EA2E905E22D4735B007A81C7 /* Models */,
				EA2E906A22D4735B007A81C7 /* ViewModels */,
				EA2E906322D4735B007A81C7 /* Views */,
			);
			path = login;
			sourceTree = "<group>";
		};
		EA2E905E22D4735B007A81C7 /* Models */ = {
			isa = PBXGroup;
			children = (
				EA2E906222D4735B007A81C7 /* KYLoginCollectionCellSectionModel.h */,
				EA2E905F22D4735B007A81C7 /* KYLoginCollectionCellSectionModel.m */,
				EA2E907E22D47A9D007A81C7 /* KYLoginItemModel.h */,
				EA2E907F22D47A9D007A81C7 /* KYLoginItemModel.m */,
			);
			path = Models;
			sourceTree = "<group>";
		};
		EA2E906322D4735B007A81C7 /* Views */ = {
			isa = PBXGroup;
			children = (
				EA2E907322D47686007A81C7 /* KYLeftTitleTextField.h */,
				EA2E907422D47686007A81C7 /* KYLeftTitleTextField.m */,
				EA2E907622D477E0007A81C7 /* KYPhoneVerifyTextField.h */,
				EA2E907722D477E0007A81C7 /* KYPhoneVerifyTextField.m */,
				EA2E907922D479A5007A81C7 /* KYLoginAccountCell.h */,
				EA2E907A22D479A5007A81C7 /* KYLoginAccountCell.m */,
				EA2E907B22D479A5007A81C7 /* KYLoginAccountCell.xib */,
				EA2E908122D4817D007A81C7 /* KYLoginVerifyCell.h */,
				EA2E908222D4817D007A81C7 /* KYLoginVerifyCell.m */,
				EA2E908322D4817D007A81C7 /* KYLoginVerifyCell.xib */,
				EA2E908622D485F6007A81C7 /* KYLoginSubmitCell.h */,
				EA2E908722D485F6007A81C7 /* KYLoginSubmitCell.m */,
				EA2E908822D485F6007A81C7 /* KYLoginSubmitCell.xib */,
			);
			path = Views;
			sourceTree = "<group>";
		};
		EA2E906722D4735B007A81C7 /* Controller */ = {
			isa = PBXGroup;
			children = (
				EA2E906922D4735B007A81C7 /* KYLoginColletctionViewController.h */,
				EA2E906822D4735B007A81C7 /* KYLoginColletctionViewController.m */,
			);
			path = Controller;
			sourceTree = "<group>";
		};
		EA2E906A22D4735B007A81C7 /* ViewModels */ = {
			isa = PBXGroup;
			children = (
				EA2E906C22D4735B007A81C7 /* KYLoginCollectionViewModel.h */,
				EA2E906B22D4735B007A81C7 /* KYLoginCollectionViewModel.m */,
			);
			path = ViewModels;
			sourceTree = "<group>";
		};
		EA4AD6A6225EE352002688E4 /* subViewController */ = {
			isa = PBXGroup;
			children = (
				EA4AD6A7225EE39C002688E4 /* GameViewController.h */,
				EA4AD6A8225EE39C002688E4 /* GameViewController.m */,
				EA4AD6AC225EE452002688E4 /* GameViewModel.h */,
				EA4AD6AD225EE452002688E4 /* GameViewModel.m */,
				EA4AD6AF225EE48F002688E4 /* GameCell.h */,
				EA4AD6B0225EE48F002688E4 /* GameCell.m */,
				EA4AD6B1225EE48F002688E4 /* GameCell.xib */,
				EA4AD6B4225EE4B5002688E4 /* GameItemModel.h */,
				EA4AD6B5225EE4B5002688E4 /* GameItemModel.m */,
			);
			path = subViewController;
			sourceTree = "<group>";
		};
		EA89E5BF225D943B00560323 /* collectionView */ = {
			isa = PBXGroup;
			children = (
				EA89E5C1225D993000560323 /* CollectionViewController.h */,
				EA89E5C2225D993000560323 /* CollectionViewController.m */,
				EA89E5C3225D993000560323 /* CollectionViewController.xib */,
				EA89E5C6225D997D00560323 /* CollectionViewModel.h */,
				EA89E5C7225D997D00560323 /* CollectionViewModel.m */,
				EA89E5CC225D99D500560323 /* CollectionCellItemModel.h */,
				EA89E5CD225D99D500560323 /* CollectionCellItemModel.m */,
				EA8DC024225DD509009E0046 /* CollectionCellItemModel1.h */,
				EA8DC025225DD509009E0046 /* CollectionCellItemModel1.m */,
				EA89E5CF225D99F400560323 /* CollectionViewCell.h */,
				EA89E5D0225D99F400560323 /* CollectionViewCell.m */,
				EA89E5D1225D99F400560323 /* CollectionViewCell.xib */,
				EA8DC01F225DD2C4009E0046 /* CollectionView1Cell.h */,
				EA8DC020225DD2C4009E0046 /* CollectionView1Cell.m */,
				EA8DC021225DD2C4009E0046 /* CollectionView1Cell.xib */,
				EA4AD6B7225EEB7B002688E4 /* CollectionView2Cell.h */,
				EA4AD6B8225EEB7B002688E4 /* CollectionView2Cell.m */,
				EA4AD6B9225EEB7B002688E4 /* CollectionView2Cell.xib */,
			);
			path = collectionView;
			sourceTree = "<group>";
		};
		EAA1934C2257450000E001B3 /* Test */ = {
			isa = PBXGroup;
			children = (
				EA2E905D22D472E2007A81C7 /* login */,
				EA4AD6A6225EE352002688E4 /* subViewController */,
				EA89E5BF225D943B00560323 /* collectionView */,
				EAA1934D2257450900E001B3 /* tableView */,
			);
			path = Test;
			sourceTree = "<group>";
		};
		EAA1934D2257450900E001B3 /* tableView */ = {
			isa = PBXGroup;
			children = (
				EAA1934E2257453600E001B3 /* TableViewController.h */,
				EAA1934F2257453600E001B3 /* TableViewController.m */,
				EA7D347B22589ED2006917CE /* TableViewController.xib */,
				EAA193512257455D00E001B3 /* TableCellItemModel.h */,
				EAA193522257455D00E001B3 /* TableCellItemModel.m */,
				EA7D347822587BB7006917CE /* TableCellItemModel1.h */,
				EA7D347922587BB7006917CE /* TableCellItemModel1.m */,
				EAA193542257457600E001B3 /* TableViewModel.h */,
				EAA193552257457600E001B3 /* TableViewModel.m */,
				EAA1935A225746A900E001B3 /* TableViewCell.h */,
				EAA1935B225746A900E001B3 /* TableViewCell.m */,
				EAA1935C225746A900E001B3 /* TableViewCell.xib */,
				EA7D3451225858E3006917CE /* TableView1Cell.h */,
				EA7D3452225858E3006917CE /* TableView1Cell.m */,
				EA7D3453225858E3006917CE /* TableView1Cell.xib */,
			);
			path = tableView;
			sourceTree = "<group>";
		};
/* End PBXGroup section */

/* Begin PBXNativeTarget section */
		3070911E2250C496009D3520 /* KYMVVM */ = {
			isa = PBXNativeTarget;
			buildConfigurationList = 307091362250C496009D3520 /* Build configuration list for PBXNativeTarget "KYMVVM" */;
			buildPhases = (
				BC39B32889A89ECBFA6CFAA9 /* [CP] Check Pods Manifest.lock */,
				3070911B2250C496009D3520 /* Sources */,
				3070911C2250C496009D3520 /* Frameworks */,
				3070911D2250C496009D3520 /* Resources */,
				F0EE8AC96109A0BB827EEC3E /* [CP] Embed Pods Frameworks */,
			);
			buildRules = (
			);
			dependencies = (
			);
			name = KYMVVM;
			productName = KYMVVM;
			productReference = 3070911F2250C496009D3520 /* KYMVVM.app */;
			productType = "com.apple.product-type.application";
		};
/* End PBXNativeTarget section */

/* Begin PBXProject section */
		307091172250C496009D3520 /* Project object */ = {
			isa = PBXProject;
			attributes = {
				LastUpgradeCheck = 0830;
				ORGANIZATIONNAME = object_lan;
				TargetAttributes = {
					3070911E2250C496009D3520 = {
						CreatedOnToolsVersion = 8.3.2;
						ProvisioningStyle = Automatic;
					};
				};
			};
			buildConfigurationList = 3070911A2250C496009D3520 /* Build configuration list for PBXProject "KYMVVM" */;
			compatibilityVersion = "Xcode 3.2";
			developmentRegion = English;
			hasScannedForEncodings = 0;
			knownRegions = (
				English,
				en,
				Base,
			);
			mainGroup = 307091162250C496009D3520;
			productRefGroup = 307091202250C496009D3520 /* Products */;
			projectDirPath = "";
			projectRoot = "";
			targets = (
				3070911E2250C496009D3520 /* KYMVVM */,
			);
		};
/* End PBXProject section */

/* Begin PBXResourcesBuildPhase section */
		3070911D2250C496009D3520 /* Resources */ = {
			isa = PBXResourcesBuildPhase;
			buildActionMask = 2147483647;
			files = (
				EA2E907D22D479A5007A81C7 /* KYLoginAccountCell.xib in Resources */,
				307091322250C496009D3520 /* LaunchScreen.storyboard in Resources */,
				EA7D3455225858E3006917CE /* TableView1Cell.xib in Resources */,
				EA89E5C5225D993000560323 /* CollectionViewController.xib in Resources */,
				EA2E908522D4817D007A81C7 /* KYLoginVerifyCell.xib in Resources */,
				EA2E908A22D485F6007A81C7 /* KYLoginSubmitCell.xib in Resources */,
				EAA1935E225746A900E001B3 /* TableViewCell.xib in Resources */,
				EA4AD6BB225EEB7B002688E4 /* CollectionView2Cell.xib in Resources */,
				EA7D347C22589ED2006917CE /* TableViewController.xib in Resources */,
				EA8DC023225DD2C4009E0046 /* CollectionView1Cell.xib in Resources */,
				3070912F2250C496009D3520 /* Assets.xcassets in Resources */,
				EA89E5D3225D99F400560323 /* CollectionViewCell.xib in Resources */,
				3070912D2250C496009D3520 /* Main.storyboard in Resources */,
				EA4AD6B3225EE48F002688E4 /* GameCell.xib in Resources */,
			);
			runOnlyForDeploymentPostprocessing = 0;
		};
/* End PBXResourcesBuildPhase section */

/* Begin PBXShellScriptBuildPhase section */
		BC39B32889A89ECBFA6CFAA9 /* [CP] Check Pods Manifest.lock */ = {
			isa = PBXShellScriptBuildPhase;
			buildActionMask = 2147483647;
			files = (
			);
			inputPaths = (
				"${PODS_PODFILE_DIR_PATH}/Podfile.lock",
				"${PODS_ROOT}/Manifest.lock",
			);
			name = "[CP] Check Pods Manifest.lock";
			outputPaths = (
				"$(DERIVED_FILE_DIR)/Pods-KYMVVM-checkManifestLockResult.txt",
			);
			runOnlyForDeploymentPostprocessing = 0;
			shellPath = /bin/sh;
			shellScript = "diff \"${PODS_PODFILE_DIR_PATH}/Podfile.lock\" \"${PODS_ROOT}/Manifest.lock\" > /dev/null\nif [ $? != 0 ] ; then\n    # print error to STDERR\n    echo \"error: The sandbox is not in sync with the Podfile.lock. Run 'pod install' or update your CocoaPods installation.\" >&2\n    exit 1\nfi\n# This output is used by Xcode 'outputs' to avoid re-running this script phase.\necho \"SUCCESS\" > \"${SCRIPT_OUTPUT_FILE_0}\"\n";
			showEnvVarsInLog = 0;
		};
		F0EE8AC96109A0BB827EEC3E /* [CP] Embed Pods Frameworks */ = {
			isa = PBXShellScriptBuildPhase;
			buildActionMask = 2147483647;
			files = (
			);
			inputPaths = (
				"${PODS_ROOT}/Target Support Files/Pods-KYMVVM/Pods-KYMVVM-frameworks.sh",
				"${BUILT_PRODUCTS_DIR}/JSONModel/JSONModel.framework",
				"${BUILT_PRODUCTS_DIR}/MJRefresh/MJRefresh.framework",
				"${BUILT_PRODUCTS_DIR}/Masonry/Masonry.framework",
				"${BUILT_PRODUCTS_DIR}/ReactiveObjC/ReactiveObjC.framework",
			);
			name = "[CP] Embed Pods Frameworks";
			outputPaths = (
				"${TARGET_BUILD_DIR}/${FRAMEWORKS_FOLDER_PATH}/JSONModel.framework",
				"${TARGET_BUILD_DIR}/${FRAMEWORKS_FOLDER_PATH}/MJRefresh.framework",
				"${TARGET_BUILD_DIR}/${FRAMEWORKS_FOLDER_PATH}/Masonry.framework",
				"${TARGET_BUILD_DIR}/${FRAMEWORKS_FOLDER_PATH}/ReactiveObjC.framework",
			);
			runOnlyForDeploymentPostprocessing = 0;
			shellPath = /bin/sh;
			shellScript = "\"${PODS_ROOT}/Target Support Files/Pods-KYMVVM/Pods-KYMVVM-frameworks.sh\"\n";
			showEnvVarsInLog = 0;
		};
/* End PBXShellScriptBuildPhase section */

/* Begin PBXSourcesBuildPhase section */
		3070911B2250C496009D3520 /* Sources */ = {
			isa = PBXSourcesBuildPhase;
			buildActionMask = 2147483647;
			files = (
				EA2E907222D4735B007A81C7 /* KYLoginCollectionViewModel.m in Sources */,
				EA4AD6AE225EE452002688E4 /* GameViewModel.m in Sources */,
				EA89E5C8225D997D00560323 /* CollectionViewModel.m in Sources */,
				3070914C22523B12009D3520 /* KYBaseModel.m in Sources */,
				3070914F22523B29009D3520 /* KYBaseViewModel.m in Sources */,
				EA4AD6B6225EE4B5002688E4 /* GameItemModel.m in Sources */,
				EAA193502257453600E001B3 /* TableViewController.m in Sources */,
				EA89E5C4225D993000560323 /* CollectionViewController.m in Sources */,
				EA8DC022225DD2C4009E0046 /* CollectionView1Cell.m in Sources */,
				EA8DC026225DD509009E0046 /* CollectionCellItemModel1.m in Sources */,
				EAA193562257457600E001B3 /* TableViewModel.m in Sources */,
				3070912A2250C496009D3520 /* ViewController.m in Sources */,
				EA7D3454225858E3006917CE /* TableView1Cell.m in Sources */,
				EA2E908022D47A9D007A81C7 /* KYLoginItemModel.m in Sources */,
				EAA1933C22571EB700E001B3 /* KYBaseCollectionCell.m in Sources */,
				EAA1933922571E9600E001B3 /* KYBaseTableCell.m in Sources */,
				EAA1935D225746A900E001B3 /* TableViewCell.m in Sources */,
				EAA1934A2257436E00E001B3 /* KYTableViewModel.m in Sources */,
				EA89E5D2225D99F400560323 /* CollectionViewCell.m in Sources */,
				EA89E5CE225D99D500560323 /* CollectionCellItemModel.m in Sources */,
				EAA193532257455D00E001B3 /* TableCellItemModel.m in Sources */,
				EAA1933F22571EDF00E001B3 /* KYTableViewController.m in Sources */,
				EA2E907522D47686007A81C7 /* KYLeftTitleTextField.m in Sources */,
				3070914922523AA3009D3520 /* KYBaseView.m in Sources */,
				EA2E907822D477E0007A81C7 /* KYPhoneVerifyTextField.m in Sources */,
				EA2E907122D4735B007A81C7 /* KYLoginColletctionViewController.m in Sources */,
				EAA1934B2257436E00E001B3 /* KYBaseCellSectionModel.m in Sources */,
				EA4AD6BA225EEB7B002688E4 /* CollectionView2Cell.m in Sources */,
				EA2E907C22D479A5007A81C7 /* KYLoginAccountCell.m in Sources */,
				EA4AD6AA225EE39C002688E4 /* GameViewController.m in Sources */,
				30709143225239DB009D3520 /* KYNavigationController.m in Sources */,
				307091272250C496009D3520 /* AppDelegate.m in Sources */,
				3070914622523A4D009D3520 /* KYTabBarController.m in Sources */,
				EA2E906D22D4735B007A81C7 /* KYLoginCollectionCellSectionModel.m in Sources */,
				307091242250C496009D3520 /* main.m in Sources */,
				EA2E908422D4817D007A81C7 /* KYLoginVerifyCell.m in Sources */,
				EA2E909022D595FA007A81C7 /* KYCollectionView.m in Sources */,
				EAA193492257436E00E001B3 /* KYBaseCellItemModel.m in Sources */,
				EA2E909322D5B3BA007A81C7 /* UIView+KYMVVM.m in Sources */,
				EA4AD6B2225EE48F002688E4 /* GameCell.m in Sources */,
				EA2E908D22D595C0007A81C7 /* KYTableView.m in Sources */,
				EA7D347A22587BB7006917CE /* TableCellItemModel1.m in Sources */,
				EAA1934222571EF700E001B3 /* KYCollectionViewController.m in Sources */,
				307091402250C622009D3520 /* KYBaseViewController.m in Sources */,
				EA2E908922D485F6007A81C7 /* KYLoginSubmitCell.m in Sources */,
			);
			runOnlyForDeploymentPostprocessing = 0;
		};
/* End PBXSourcesBuildPhase section */

/* Begin PBXVariantGroup section */
		3070912B2250C496009D3520 /* Main.storyboard */ = {
			isa = PBXVariantGroup;
			children = (
				3070912C2250C496009D3520 /* Base */,
			);
			name = Main.storyboard;
			sourceTree = "<group>";
		};
		307091302250C496009D3520 /* LaunchScreen.storyboard */ = {
			isa = PBXVariantGroup;
			children = (
				307091312250C496009D3520 /* Base */,
			);
			name = LaunchScreen.storyboard;
			sourceTree = "<group>";
		};
/* End PBXVariantGroup section */

/* Begin XCBuildConfiguration section */
		307091342250C496009D3520 /* Debug */ = {
			isa = XCBuildConfiguration;
			buildSettings = {
				ALWAYS_SEARCH_USER_PATHS = NO;
				CLANG_ANALYZER_NONNULL = YES;
				CLANG_ANALYZER_NUMBER_OBJECT_CONVERSION = YES_AGGRESSIVE;
				CLANG_CXX_LANGUAGE_STANDARD = "gnu++0x";
				CLANG_CXX_LIBRARY = "libc++";
				CLANG_ENABLE_MODULES = YES;
				CLANG_ENABLE_OBJC_ARC = YES;
				CLANG_WARN_BOOL_CONVERSION = YES;
				CLANG_WARN_CONSTANT_CONVERSION = YES;
				CLANG_WARN_DIRECT_OBJC_ISA_USAGE = YES_ERROR;
				CLANG_WARN_DOCUMENTATION_COMMENTS = YES;
				CLANG_WARN_EMPTY_BODY = YES;
				CLANG_WARN_ENUM_CONVERSION = YES;
				CLANG_WARN_INFINITE_RECURSION = YES;
				CLANG_WARN_INT_CONVERSION = YES;
				CLANG_WARN_OBJC_ROOT_CLASS = YES_ERROR;
				CLANG_WARN_SUSPICIOUS_MOVE = YES;
				CLANG_WARN_UNREACHABLE_CODE = YES;
				CLANG_WARN__DUPLICATE_METHOD_MATCH = YES;
				"CODE_SIGN_IDENTITY[sdk=iphoneos*]" = "iPhone Developer";
				COPY_PHASE_STRIP = NO;
				DEBUG_INFORMATION_FORMAT = dwarf;
				ENABLE_STRICT_OBJC_MSGSEND = YES;
				ENABLE_TESTABILITY = YES;
				GCC_C_LANGUAGE_STANDARD = gnu99;
				GCC_DYNAMIC_NO_PIC = NO;
				GCC_NO_COMMON_BLOCKS = YES;
				GCC_OPTIMIZATION_LEVEL = 0;
				GCC_PREPROCESSOR_DEFINITIONS = (
					"DEBUG=1",
					"$(inherited)",
				);
				GCC_WARN_64_TO_32_BIT_CONVERSION = YES;
				GCC_WARN_ABOUT_RETURN_TYPE = YES_ERROR;
				GCC_WARN_UNDECLARED_SELECTOR = YES;
				GCC_WARN_UNINITIALIZED_AUTOS = YES_AGGRESSIVE;
				GCC_WARN_UNUSED_FUNCTION = YES;
				GCC_WARN_UNUSED_VARIABLE = YES;
				IPHONEOS_DEPLOYMENT_TARGET = 10.3;
				MTL_ENABLE_DEBUG_INFO = YES;
				ONLY_ACTIVE_ARCH = YES;
				SDKROOT = iphoneos;
				TARGETED_DEVICE_FAMILY = "1,2";
			};
			name = Debug;
		};
		307091352250C496009D3520 /* Release */ = {
			isa = XCBuildConfiguration;
			buildSettings = {
				ALWAYS_SEARCH_USER_PATHS = NO;
				CLANG_ANALYZER_NONNULL = YES;
				CLANG_ANALYZER_NUMBER_OBJECT_CONVERSION = YES_AGGRESSIVE;
				CLANG_CXX_LANGUAGE_STANDARD = "gnu++0x";
				CLANG_CXX_LIBRARY = "libc++";
				CLANG_ENABLE_MODULES = YES;
				CLANG_ENABLE_OBJC_ARC = YES;
				CLANG_WARN_BOOL_CONVERSION = YES;
				CLANG_WARN_CONSTANT_CONVERSION = YES;
				CLANG_WARN_DIRECT_OBJC_ISA_USAGE = YES_ERROR;
				CLANG_WARN_DOCUMENTATION_COMMENTS = YES;
				CLANG_WARN_EMPTY_BODY = YES;
				CLANG_WARN_ENUM_CONVERSION = YES;
				CLANG_WARN_INFINITE_RECURSION = YES;
				CLANG_WARN_INT_CONVERSION = YES;
				CLANG_WARN_OBJC_ROOT_CLASS = YES_ERROR;
				CLANG_WARN_SUSPICIOUS_MOVE = YES;
				CLANG_WARN_UNREACHABLE_CODE = YES;
				CLANG_WARN__DUPLICATE_METHOD_MATCH = YES;
				"CODE_SIGN_IDENTITY[sdk=iphoneos*]" = "iPhone Developer";
				COPY_PHASE_STRIP = NO;
				DEBUG_INFORMATION_FORMAT = "dwarf-with-dsym";
				ENABLE_NS_ASSERTIONS = NO;
				ENABLE_STRICT_OBJC_MSGSEND = YES;
				GCC_C_LANGUAGE_STANDARD = gnu99;
				GCC_NO_COMMON_BLOCKS = YES;
				GCC_WARN_64_TO_32_BIT_CONVERSION = YES;
				GCC_WARN_ABOUT_RETURN_TYPE = YES_ERROR;
				GCC_WARN_UNDECLARED_SELECTOR = YES;
				GCC_WARN_UNINITIALIZED_AUTOS = YES_AGGRESSIVE;
				GCC_WARN_UNUSED_FUNCTION = YES;
				GCC_WARN_UNUSED_VARIABLE = YES;
				IPHONEOS_DEPLOYMENT_TARGET = 10.3;
				MTL_ENABLE_DEBUG_INFO = NO;
				SDKROOT = iphoneos;
				TARGETED_DEVICE_FAMILY = "1,2";
				VALIDATE_PRODUCT = YES;
			};
			name = Release;
		};
		307091372250C496009D3520 /* Debug */ = {
			isa = XCBuildConfiguration;
			baseConfigurationReference = 4E06B6C54B59B9FA0F51D11F /* Pods-KYMVVM.debug.xcconfig */;
			buildSettings = {
				ASSETCATALOG_COMPILER_APPICON_NAME = AppIcon;
				CODE_SIGN_IDENTITY = "iPhone Developer";
				CODE_SIGN_STYLE = Automatic;
				DEVELOPMENT_TEAM = "";
				INFOPLIST_FILE = KYMVVM/Info.plist;
				IPHONEOS_DEPLOYMENT_TARGET = 9.0;
				LD_RUNPATH_SEARCH_PATHS = "$(inherited) @executable_path/Frameworks";
				PRODUCT_BUNDLE_IDENTIFIER = com.mvvm;
				PRODUCT_NAME = "$(TARGET_NAME)";
				PROVISIONING_PROFILE_SPECIFIER = "";
			};
			name = Debug;
		};
		307091382250C496009D3520 /* Release */ = {
			isa = XCBuildConfiguration;
			baseConfigurationReference = 979FDF9121395D5EE9EB3AC3 /* Pods-KYMVVM.release.xcconfig */;
			buildSettings = {
				ASSETCATALOG_COMPILER_APPICON_NAME = AppIcon;
				CODE_SIGN_IDENTITY = "iPhone Developer";
				CODE_SIGN_STYLE = Automatic;
				DEVELOPMENT_TEAM = "";
				INFOPLIST_FILE = KYMVVM/Info.plist;
				IPHONEOS_DEPLOYMENT_TARGET = 9.0;
				LD_RUNPATH_SEARCH_PATHS = "$(inherited) @executable_path/Frameworks";
				PRODUCT_BUNDLE_IDENTIFIER = com.mvvm;
				PRODUCT_NAME = "$(TARGET_NAME)";
				PROVISIONING_PROFILE_SPECIFIER = "";
			};
			name = Release;
		};
/* End XCBuildConfiguration section */

/* Begin XCConfigurationList section */
		3070911A2250C496009D3520 /* Build configuration list for PBXProject "KYMVVM" */ = {
			isa = XCConfigurationList;
			buildConfigurations = (
				307091342250C496009D3520 /* Debug */,
				307091352250C496009D3520 /* Release */,
			);
			defaultConfigurationIsVisible = 0;
			defaultConfigurationName = Release;
		};
		307091362250C496009D3520 /* Build configuration list for PBXNativeTarget "KYMVVM" */ = {
			isa = XCConfigurationList;
			buildConfigurations = (
				307091372250C496009D3520 /* Debug */,
				307091382250C496009D3520 /* Release */,
			);
			defaultConfigurationIsVisible = 0;
			defaultConfigurationName = Release;
		};
/* End XCConfigurationList section */
	};
	rootObject = 307091172250C496009D3520 /* Project object */;
}
