// !$*UTF8*$!
{
	archiveVersion = 1;
	classes = {
	};
	objectVersion = 46;
	objects = {

/* Begin PBXBuildFile section */
		307091242250C496009D3520 /* main.m in Sources */ = {isa = PBXBuildFile; fileRef = 307091232250C496009D3520 /* main.m */; };
		307091272250C496009D3520 /* AppDelegate.m in Sources */ = {isa = PBXBuildFile; fileRef = 307091262250C496009D3520 /* AppDelegate.m */; };
		3070912A2250C496009D3520 /* ViewController.m in Sources */ = {isa = PBXBuildFile; fileRef = 307091292250C496009D3520 /* ViewController.m */; };
		3070912D2250C496009D3520 /* Main.storyboard in Resources */ = {isa = PBXBuildFile; fileRef = 3070912B2250C496009D3520 /* Main.storyboard */; };
		3070912F2250C496009D3520 /* Assets.xcassets in Resources */ = {isa = PBXBuildFile; fileRef = 3070912E2250C496009D3520 /* Assets.xcassets */; };
		307091322250C496009D3520 /* LaunchScreen.storyboard in Resources */ = {isa = PBXBuildFile; fileRef = 307091302250C496009D3520 /* LaunchScreen.storyboard */; };
		307091402250C622009D3520 /* KYBaseViewController.m in Sources */ = {isa = PBXBuildFile; fileRef = 3070913F2250C622009D3520 /* KYBaseViewController.m */; };
/* End PBXBuildFile section */

/* Begin PBXFileReference section */
		3070911F2250C496009D3520 /* KYMVVM.app */ = {isa = PBXFileReference; explicitFileType = wrapper.application; includeInIndex = 0; path = KYMVVM.app; sourceTree = BUILT_PRODUCTS_DIR; };
		307091232250C496009D3520 /* main.m */ = {isa = PBXFileReference; lastKnownFileType = sourcecode.c.objc; path = main.m; sourceTree = "<group>"; };
		307091252250C496009D3520 /* AppDelegate.h */ = {isa = PBXFileReference; lastKnownFileType = sourcecode.c.h; path = AppDelegate.h; sourceTree = "<group>"; };
		307091262250C496009D3520 /* AppDelegate.m */ = {isa = PBXFileReference; lastKnownFileType = sourcecode.c.objc; path = AppDelegate.m; sourceTree = "<group>"; };
		307091282250C496009D3520 /* ViewController.h */ = {isa = PBXFileReference; lastKnownFileType = sourcecode.c.h; path = ViewController.h; sourceTree = "<group>"; };
		307091292250C496009D3520 /* ViewController.m */ = {isa = PBXFileReference; lastKnownFileType = sourcecode.c.objc; path = ViewController.m; sourceTree = "<group>"; };
		3070912C2250C496009D3520 /* Base */ = {isa = PBXFileReference; lastKnownFileType = file.storyboard; name = Base; path = Base.lproj/Main.storyboard; sourceTree = "<group>"; };
		3070912E2250C496009D3520 /* Assets.xcassets */ = {isa = PBXFileReference; lastKnownFileType = folder.assetcatalog; path = Assets.xcassets; sourceTree = "<group>"; };
		307091312250C496009D3520 /* Base */ = {isa = PBXFileReference; lastKnownFileType = file.storyboard; name = Base; path = Base.lproj/LaunchScreen.storyboard; sourceTree = "<group>"; };
		307091332250C496009D3520 /* Info.plist */ = {isa = PBXFileReference; lastKnownFileType = text.plist.xml; path = Info.plist; sourceTree = "<group>"; };
		3070913E2250C622009D3520 /* KYBaseViewController.h */ = {isa = PBXFileReference; fileEncoding = 4; lastKnownFileType = sourcecode.c.h; path = KYBaseViewController.h; sourceTree = "<group>"; };
		3070913F2250C622009D3520 /* KYBaseViewController.m */ = {isa = PBXFileReference; fileEncoding = 4; lastKnownFileType = sourcecode.c.objc; path = KYBaseViewController.m; sourceTree = "<group>"; };
/* End PBXFileReference section */

/* Begin PBXFrameworksBuildPhase section */
		3070911C2250C496009D3520 /* Frameworks */ = {
			isa = PBXFrameworksBuildPhase;
			buildActionMask = 2147483647;
			files = (
			);
			runOnlyForDeploymentPostprocessing = 0;
		};
/* End PBXFrameworksBuildPhase section */

/* Begin PBXGroup section */
		307091162250C496009D3520 = {
			isa = PBXGroup;
			children = (
				307091212250C496009D3520 /* KYMVVM */,
				307091202250C496009D3520 /* Products */,
			);
			sourceTree = "<group>";
		};
		307091202250C496009D3520 /* Products */ = {
			isa = PBXGroup;
			children = (
				3070911F2250C496009D3520 /* KYMVVM.app */,
			);
			name = Products;
			sourceTree = "<group>";
		};
		307091212250C496009D3520 /* KYMVVM */ = {
			isa = PBXGroup;
			children = (
				3070913D2250C622009D3520 /* Classes */,
				307091252250C496009D3520 /* AppDelegate.h */,
				307091262250C496009D3520 /* AppDelegate.m */,
				307091282250C496009D3520 /* ViewController.h */,
				307091292250C496009D3520 /* ViewController.m */,
				3070912B2250C496009D3520 /* Main.storyboard */,
				3070912E2250C496009D3520 /* Assets.xcassets */,
				307091302250C496009D3520 /* LaunchScreen.storyboard */,
				307091332250C496009D3520 /* Info.plist */,
				307091222250C496009D3520 /* Supporting Files */,
			);
			path = KYMVVM;
			sourceTree = "<group>";
		};
		307091222250C496009D3520 /* Supporting Files */ = {
			isa = PBXGroup;
			children = (
				307091232250C496009D3520 /* main.m */,
			);
			name = "Supporting Files";
			sourceTree = "<group>";
		};
		3070913D2250C622009D3520 /* Classes */ = {
			isa = PBXGroup;
			children = (
				3070913E2250C622009D3520 /* KYBaseViewController.h */,
				3070913F2250C622009D3520 /* KYBaseViewController.m */,
			);
			path = Classes;
			sourceTree = "<group>";
		};
/* End PBXGroup section */

/* Begin PBXNativeTarget section */
		3070911E2250C496009D3520 /* KYMVVM */ = {
			isa = PBXNativeTarget;
			buildConfigurationList = 307091362250C496009D3520 /* Build configuration list for PBXNativeTarget "KYMVVM" */;
			buildPhases = (
				3070911B2250C496009D3520 /* Sources */,
				3070911C2250C496009D3520 /* Frameworks */,
				3070911D2250C496009D3520 /* Resources */,
			);
			buildRules = (
			);
			dependencies = (
			);
			name = KYMVVM;
			productName = KYMVVM;
			productReference = 3070911F2250C496009D3520 /* KYMVVM.app */;
			productType = "com.apple.product-type.application";
		};
/* End PBXNativeTarget section */

/* Begin PBXProject section */
		307091172250C496009D3520 /* Project object */ = {
			isa = PBXProject;
			attributes = {
				LastUpgradeCheck = 0830;
				ORGANIZATIONNAME = object_lan;
				TargetAttributes = {
					3070911E2250C496009D3520 = {
						CreatedOnToolsVersion = 8.3.2;
						ProvisioningStyle = Automatic;
					};
				};
			};
			buildConfigurationList = 3070911A2250C496009D3520 /* Build configuration list for PBXProject "KYMVVM" */;
			compatibilityVersion = "Xcode 3.2";
			developmentRegion = English;
			hasScannedForEncodings = 0;
			knownRegions = (
				en,
				Base,
			);
			mainGroup = 307091162250C496009D3520;
			productRefGroup = 307091202250C496009D3520 /* Products */;
			projectDirPath = "";
			projectRoot = "";
			targets = (
				3070911E2250C496009D3520 /* KYMVVM */,
			);
		};
/* End PBXProject section */

/* Begin PBXResourcesBuildPhase section */
		3070911D2250C496009D3520 /* Resources */ = {
			isa = PBXResourcesBuildPhase;
			buildActionMask = 2147483647;
			files = (
				307091322250C496009D3520 /* LaunchScreen.storyboard in Resources */,
				3070912F2250C496009D3520 /* Assets.xcassets in Resources */,
				3070912D2250C496009D3520 /* Main.storyboard in Resources */,
			);
			runOnlyForDeploymentPostprocessing = 0;
		};
/* End PBXResourcesBuildPhase section */

/* Begin PBXSourcesBuildPhase section */
		3070911B2250C496009D3520 /* Sources */ = {
			isa = PBXSourcesBuildPhase;
			buildActionMask = 2147483647;
			files = (
				3070912A2250C496009D3520 /* ViewController.m in Sources */,
				307091272250C496009D3520 /* AppDelegate.m in Sources */,
				307091242250C496009D3520 /* main.m in Sources */,
				307091402250C622009D3520 /* KYBaseViewController.m in Sources */,
			);
			runOnlyForDeploymentPostprocessing = 0;
		};
/* End PBXSourcesBuildPhase section */

/* Begin PBXVariantGroup section */
		3070912B2250C496009D3520 /* Main.storyboard */ = {
			isa = PBXVariantGroup;
			children = (
				3070912C2250C496009D3520 /* Base */,
			);
			name = Main.storyboard;
			sourceTree = "<group>";
		};
		307091302250C496009D3520 /* LaunchScreen.storyboard */ = {
			isa = PBXVariantGroup;
			children = (
				307091312250C496009D3520 /* Base */,
			);
			name = LaunchScreen.storyboard;
			sourceTree = "<group>";
		};
/* End PBXVariantGroup section */

/* Begin XCBuildConfiguration section */
		307091342250C496009D3520 /* Debug */ = {
			isa = XCBuildConfiguration;
			buildSettings = {
				ALWAYS_SEARCH_USER_PATHS = NO;
				CLANG_ANALYZER_NONNULL = YES;
				CLANG_ANALYZER_NUMBER_OBJECT_CONVERSION = YES_AGGRESSIVE;
				CLANG_CXX_LANGUAGE_STANDARD = "gnu++0x";
				CLANG_CXX_LIBRARY = "libc++";
				CLANG_ENABLE_MODULES = YES;
				CLANG_ENABLE_OBJC_ARC = YES;
				CLANG_WARN_BOOL_CONVERSION = YES;
				CLANG_WARN_CONSTANT_CONVERSION = YES;
				CLANG_WARN_DIRECT_OBJC_ISA_USAGE = YES_ERROR;
				CLANG_WARN_DOCUMENTATION_COMMENTS = YES;
				CLANG_WARN_EMPTY_BODY = YES;
				CLANG_WARN_ENUM_CONVERSION = YES;
				CLANG_WARN_INFINITE_RECURSION = YES;
				CLANG_WARN_INT_CONVERSION = YES;
				CLANG_WARN_OBJC_ROOT_CLASS = YES_ERROR;
				CLANG_WARN_SUSPICIOUS_MOVE = YES;
				CLANG_WARN_UNREACHABLE_CODE = YES;
				CLANG_WARN__DUPLICATE_METHOD_MATCH = YES;
				"CODE_SIGN_IDENTITY[sdk=iphoneos*]" = "iPhone Developer";
				COPY_PHASE_STRIP = NO;
				DEBUG_INFORMATION_FORMAT = dwarf;
				ENABLE_STRICT_OBJC_MSGSEND = YES;
				ENABLE_TESTABILITY = YES;
				GCC_C_LANGUAGE_STANDARD = gnu99;
				GCC_DYNAMIC_NO_PIC = NO;
				GCC_NO_COMMON_BLOCKS = YES;
				GCC_OPTIMIZATION_LEVEL = 0;
				GCC_PREPROCESSOR_DEFINITIONS = (
					"DEBUG=1",
					"$(inherited)",
				);
				GCC_WARN_64_TO_32_BIT_CONVERSION = YES;
				GCC_WARN_ABOUT_RETURN_TYPE = YES_ERROR;
				GCC_WARN_UNDECLARED_SELECTOR = YES;
				GCC_WARN_UNINITIALIZED_AUTOS = YES_AGGRESSIVE;
				GCC_WARN_UNUSED_FUNCTION = YES;
				GCC_WARN_UNUSED_VARIABLE = YES;
				IPHONEOS_DEPLOYMENT_TARGET = 10.3;
				MTL_ENABLE_DEBUG_INFO = YES;
				ONLY_ACTIVE_ARCH = YES;
				SDKROOT = iphoneos;
				TARGETED_DEVICE_FAMILY = "1,2";
			};
			name = Debug;
		};
		307091352250C496009D3520 /* Release */ = {
			isa = XCBuildConfiguration;
			buildSettings = {
				ALWAYS_SEARCH_USER_PATHS = NO;
				CLANG_ANALYZER_NONNULL = YES;
				CLANG_ANALYZER_NUMBER_OBJECT_CONVERSION = YES_AGGRESSIVE;
				CLANG_CXX_LANGUAGE_STANDARD = "gnu++0x";
				CLANG_CXX_LIBRARY = "libc++";
				CLANG_ENABLE_MODULES = YES;
				CLANG_ENABLE_OBJC_ARC = YES;
				CLANG_WARN_BOOL_CONVERSION = YES;
				CLANG_WARN_CONSTANT_CONVERSION = YES;
				CLANG_WARN_DIRECT_OBJC_ISA_USAGE = YES_ERROR;
				CLANG_WARN_DOCUMENTATION_COMMENTS = YES;
				CLANG_WARN_EMPTY_BODY = YES;
				CLANG_WARN_ENUM_CONVERSION = YES;
				CLANG_WARN_INFINITE_RECURSION = YES;
				CLANG_WARN_INT_CONVERSION = YES;
				CLANG_WARN_OBJC_ROOT_CLASS = YES_ERROR;
				CLANG_WARN_SUSPICIOUS_MOVE = YES;
				CLANG_WARN_UNREACHABLE_CODE = YES;
				CLANG_WARN__DUPLICATE_METHOD_MATCH = YES;
				"CODE_SIGN_IDENTITY[sdk=iphoneos*]" = "iPhone Developer";
				COPY_PHASE_STRIP = NO;
				DEBUG_INFORMATION_FORMAT = "dwarf-with-dsym";
				ENABLE_NS_ASSERTIONS = NO;
				ENABLE_STRICT_OBJC_MSGSEND = YES;
				GCC_C_LANGUAGE_STANDARD = gnu99;
				GCC_NO_COMMON_BLOCKS = YES;
				GCC_WARN_64_TO_32_BIT_CONVERSION = YES;
				GCC_WARN_ABOUT_RETURN_TYPE = YES_ERROR;
				GCC_WARN_UNDECLARED_SELECTOR = YES;
				GCC_WARN_UNINITIALIZED_AUTOS = YES_AGGRESSIVE;
				GCC_WARN_UNUSED_FUNCTION = YES;
				GCC_WARN_UNUSED_VARIABLE = YES;
				IPHONEOS_DEPLOYMENT_TARGET = 10.3;
				MTL_ENABLE_DEBUG_INFO = NO;
				SDKROOT = iphoneos;
				TARGETED_DEVICE_FAMILY = "1,2";
				VALIDATE_PRODUCT = YES;
			};
			name = Release;
		};
		307091372250C496009D3520 /* Debug */ = {
			isa = XCBuildConfiguration;
			buildSettings = {
				ASSETCATALOG_COMPILER_APPICON_NAME = AppIcon;
				INFOPLIST_FILE = KYMVVM/Info.plist;
				IPHONEOS_DEPLOYMENT_TARGET = 9.0;
				LD_RUNPATH_SEARCH_PATHS = "$(inherited) @executable_path/Frameworks";
				PRODUCT_BUNDLE_IDENTIFIER = "object-lan.KYMVVM";
				PRODUCT_NAME = "$(TARGET_NAME)";
			};
			name = Debug;
		};
		307091382250C496009D3520 /* Release */ = {
			isa = XCBuildConfiguration;
			buildSettings = {
				ASSETCATALOG_COMPILER_APPICON_NAME = AppIcon;
				INFOPLIST_FILE = KYMVVM/Info.plist;
				IPHONEOS_DEPLOYMENT_TARGET = 9.0;
				LD_RUNPATH_SEARCH_PATHS = "$(inherited) @executable_path/Frameworks";
				PRODUCT_BUNDLE_IDENTIFIER = "object-lan.KYMVVM";
				PRODUCT_NAME = "$(TARGET_NAME)";
			};
			name = Release;
		};
/* End XCBuildConfiguration section */

/* Begin XCConfigurationList section */
		3070911A2250C496009D3520 /* Build configuration list for PBXProject "KYMVVM" */ = {
			isa = XCConfigurationList;
			buildConfigurations = (
				307091342250C496009D3520 /* Debug */,
				307091352250C496009D3520 /* Release */,
			);
			defaultConfigurationIsVisible = 0;
			defaultConfigurationName = Release;
		};
		307091362250C496009D3520 /* Build configuration list for PBXNativeTarget "KYMVVM" */ = {
			isa = XCConfigurationList;
			buildConfigurations = (
				307091372250C496009D3520 /* Debug */,
				307091382250C496009D3520 /* Release */,
			);
			defaultConfigurationIsVisible = 0;
			defaultConfigurationName = Release;
		};
/* End XCConfigurationList section */
	};
	rootObject = 307091172250C496009D3520 /* Project object */;
}
